// !$*UTF8*$!
{
	archiveVersion = 1;
	classes = {
	};
	objectVersion = 56;
	objects = {

/* Begin PBXBuildFile section */
		3C6F5F202B742707009B2C45 /* ConversionRates.swift in Sources */ = {isa = PBXBuildFile; fileRef = 3C6F5F1F2B742707009B2C45 /* ConversionRates.swift */; };
		3C8F76DC2B755EA5000EE212 /* PortraitLayout.swift in Sources */ = {isa = PBXBuildFile; fileRef = 3C8F76DB2B755EA5000EE212 /* PortraitLayout.swift */; };
		3C8F76E12B755F3C000EE212 /* PadButton.swift in Sources */ = {isa = PBXBuildFile; fileRef = 3C8F76E02B755F3C000EE212 /* PadButton.swift */; };
		3C8F76E32B75850C000EE212 /* LandscapeLayout.swift in Sources */ = {isa = PBXBuildFile; fileRef = 3C8F76E22B75850C000EE212 /* LandscapeLayout.swift */; };
		3C8F76E62B75857E000EE212 /* Layouts.swift in Sources */ = {isa = PBXBuildFile; fileRef = 3C8F76E52B75857E000EE212 /* Layouts.swift */; };
		3CE7928F2B736004000C55F8 /* AccalculatorApp.swift in Sources */ = {isa = PBXBuildFile; fileRef = 3CE7928E2B736004000C55F8 /* AccalculatorApp.swift */; };
		3CE792912B736004000C55F8 /* ContentView.swift in Sources */ = {isa = PBXBuildFile; fileRef = 3CE792902B736004000C55F8 /* ContentView.swift */; };
		3CE792952B736006000C55F8 /* Assets.xcassets in Resources */ = {isa = PBXBuildFile; fileRef = 3CE792942B736006000C55F8 /* Assets.xcassets */; };
		3CE792982B736006000C55F8 /* Preview Assets.xcassets in Resources */ = {isa = PBXBuildFile; fileRef = 3CE792972B736006000C55F8 /* Preview Assets.xcassets */; };
		3CE792A22B736006000C55F8 /* AccalculatorTests.swift in Sources */ = {isa = PBXBuildFile; fileRef = 3CE792A12B736006000C55F8 /* AccalculatorTests.swift */; };
		3CE792AC2B736006000C55F8 /* AccalculatorUITests.swift in Sources */ = {isa = PBXBuildFile; fileRef = 3CE792AB2B736006000C55F8 /* AccalculatorUITests.swift */; };
		3CE792AE2B736006000C55F8 /* AccalculatorUITestsLaunchTests.swift in Sources */ = {isa = PBXBuildFile; fileRef = 3CE792AD2B736006000C55F8 /* AccalculatorUITestsLaunchTests.swift */; };
		3CE792BE2B737229000C55F8 /* CalculatorType.swift in Sources */ = {isa = PBXBuildFile; fileRef = 3CE792BD2B737229000C55F8 /* CalculatorType.swift */; };
		3CE792C02B737258000C55F8 /* RegularCalculator.swift in Sources */ = {isa = PBXBuildFile; fileRef = 3CE792BF2B737258000C55F8 /* RegularCalculator.swift */; };
		3CE792C22B7373C3000C55F8 /* ConvertCalculator.swift in Sources */ = {isa = PBXBuildFile; fileRef = 3CE792C12B7373C3000C55F8 /* ConvertCalculator.swift */; };
		3CE792C42B7373D2000C55F8 /* TipsCalculator.swift in Sources */ = {isa = PBXBuildFile; fileRef = 3CE792C32B7373D2000C55F8 /* TipsCalculator.swift */; };
		3CE792C62B737496000C55F8 /* ConversionType.swift in Sources */ = {isa = PBXBuildFile; fileRef = 3CE792C52B737496000C55F8 /* ConversionType.swift */; };
/* End PBXBuildFile section */

/* Begin PBXContainerItemProxy section */
		3CE7929E2B736006000C55F8 /* PBXContainerItemProxy */ = {
			isa = PBXContainerItemProxy;
			containerPortal = 3CE792832B736004000C55F8 /* Project object */;
			proxyType = 1;
			remoteGlobalIDString = 3CE7928A2B736004000C55F8;
			remoteInfo = Accalculator;
		};
		3CE792A82B736006000C55F8 /* PBXContainerItemProxy */ = {
			isa = PBXContainerItemProxy;
			containerPortal = 3CE792832B736004000C55F8 /* Project object */;
			proxyType = 1;
			remoteGlobalIDString = 3CE7928A2B736004000C55F8;
			remoteInfo = Accalculator;
		};
/* End PBXContainerItemProxy section */

/* Begin PBXFileReference section */
		3C6F5F1F2B742707009B2C45 /* ConversionRates.swift */ = {isa = PBXFileReference; lastKnownFileType = sourcecode.swift; path = ConversionRates.swift; sourceTree = "<group>"; };
		3C8F76DB2B755EA5000EE212 /* PortraitLayout.swift */ = {isa = PBXFileReference; lastKnownFileType = sourcecode.swift; path = PortraitLayout.swift; sourceTree = "<group>"; };
		3C8F76E02B755F3C000EE212 /* PadButton.swift */ = {isa = PBXFileReference; lastKnownFileType = sourcecode.swift; path = PadButton.swift; sourceTree = "<group>"; };
		3C8F76E22B75850C000EE212 /* LandscapeLayout.swift */ = {isa = PBXFileReference; lastKnownFileType = sourcecode.swift; path = LandscapeLayout.swift; sourceTree = "<group>"; };
		3C8F76E52B75857E000EE212 /* Layouts.swift */ = {isa = PBXFileReference; lastKnownFileType = sourcecode.swift; path = Layouts.swift; sourceTree = "<group>"; };
		3CE7928B2B736004000C55F8 /* Accalculator.app */ = {isa = PBXFileReference; explicitFileType = wrapper.application; includeInIndex = 0; path = Accalculator.app; sourceTree = BUILT_PRODUCTS_DIR; };
		3CE7928E2B736004000C55F8 /* AccalculatorApp.swift */ = {isa = PBXFileReference; lastKnownFileType = sourcecode.swift; path = AccalculatorApp.swift; sourceTree = "<group>"; };
		3CE792902B736004000C55F8 /* ContentView.swift */ = {isa = PBXFileReference; lastKnownFileType = sourcecode.swift; path = ContentView.swift; sourceTree = "<group>"; };
		3CE792942B736006000C55F8 /* Assets.xcassets */ = {isa = PBXFileReference; lastKnownFileType = folder.assetcatalog; path = Assets.xcassets; sourceTree = "<group>"; };
		3CE792972B736006000C55F8 /* Preview Assets.xcassets */ = {isa = PBXFileReference; lastKnownFileType = folder.assetcatalog; path = "Preview Assets.xcassets"; sourceTree = "<group>"; };
		3CE7929D2B736006000C55F8 /* AccalculatorTests.xctest */ = {isa = PBXFileReference; explicitFileType = wrapper.cfbundle; includeInIndex = 0; path = AccalculatorTests.xctest; sourceTree = BUILT_PRODUCTS_DIR; };
		3CE792A12B736006000C55F8 /* AccalculatorTests.swift */ = {isa = PBXFileReference; lastKnownFileType = sourcecode.swift; path = AccalculatorTests.swift; sourceTree = "<group>"; };
		3CE792A72B736006000C55F8 /* AccalculatorUITests.xctest */ = {isa = PBXFileReference; explicitFileType = wrapper.cfbundle; includeInIndex = 0; path = AccalculatorUITests.xctest; sourceTree = BUILT_PRODUCTS_DIR; };
		3CE792AB2B736006000C55F8 /* AccalculatorUITests.swift */ = {isa = PBXFileReference; lastKnownFileType = sourcecode.swift; path = AccalculatorUITests.swift; sourceTree = "<group>"; };
		3CE792AD2B736006000C55F8 /* AccalculatorUITestsLaunchTests.swift */ = {isa = PBXFileReference; lastKnownFileType = sourcecode.swift; path = AccalculatorUITestsLaunchTests.swift; sourceTree = "<group>"; };
		3CE792BD2B737229000C55F8 /* CalculatorType.swift */ = {isa = PBXFileReference; lastKnownFileType = sourcecode.swift; path = CalculatorType.swift; sourceTree = "<group>"; };
		3CE792BF2B737258000C55F8 /* RegularCalculator.swift */ = {isa = PBXFileReference; lastKnownFileType = sourcecode.swift; path = RegularCalculator.swift; sourceTree = "<group>"; };
		3CE792C12B7373C3000C55F8 /* ConvertCalculator.swift */ = {isa = PBXFileReference; lastKnownFileType = sourcecode.swift; path = ConvertCalculator.swift; sourceTree = "<group>"; };
		3CE792C32B7373D2000C55F8 /* TipsCalculator.swift */ = {isa = PBXFileReference; lastKnownFileType = sourcecode.swift; path = TipsCalculator.swift; sourceTree = "<group>"; };
		3CE792C52B737496000C55F8 /* ConversionType.swift */ = {isa = PBXFileReference; lastKnownFileType = sourcecode.swift; path = ConversionType.swift; sourceTree = "<group>"; };
/* End PBXFileReference section */

/* Begin PBXFrameworksBuildPhase section */
		3CE792882B736004000C55F8 /* Frameworks */ = {
			isa = PBXFrameworksBuildPhase;
			buildActionMask = 2147483647;
			files = (
			);
			runOnlyForDeploymentPostprocessing = 0;
		};
		3CE7929A2B736006000C55F8 /* Frameworks */ = {
			isa = PBXFrameworksBuildPhase;
			buildActionMask = 2147483647;
			files = (
			);
			runOnlyForDeploymentPostprocessing = 0;
		};
		3CE792A42B736006000C55F8 /* Frameworks */ = {
			isa = PBXFrameworksBuildPhase;
			buildActionMask = 2147483647;
			files = (
			);
			runOnlyForDeploymentPostprocessing = 0;
		};
/* End PBXFrameworksBuildPhase section */

/* Begin PBXGroup section */
		3C8F76DA2B755E84000EE212 /* RegularCalculator */ = {
			isa = PBXGroup;
			children = (
				3C8F76E42B75856B000EE212 /* Helper */,
				3CE792BF2B737258000C55F8 /* RegularCalculator.swift */,
				3C8F76E52B75857E000EE212 /* Layouts.swift */,
				3C8F76E22B75850C000EE212 /* LandscapeLayout.swift */,
			);
			path = RegularCalculator;
			sourceTree = "<group>";
		};
		3C8F76E42B75856B000EE212 /* Helper */ = {
			isa = PBXGroup;
			children = (
				3C8F76DB2B755EA5000EE212 /* PortraitLayout.swift */,
				3C8F76E02B755F3C000EE212 /* PadButton.swift */,
			);
			path = Helper;
			sourceTree = "<group>";
		};
		3CE792822B736004000C55F8 = {
			isa = PBXGroup;
			children = (
				3CE7928D2B736004000C55F8 /* Accalculator */,
				3CE792A02B736006000C55F8 /* AccalculatorTests */,
				3CE792AA2B736006000C55F8 /* AccalculatorUITests */,
				3CE7928C2B736004000C55F8 /* Products */,
			);
			sourceTree = "<group>";
		};
		3CE7928C2B736004000C55F8 /* Products */ = {
			isa = PBXGroup;
			children = (
				3CE7928B2B736004000C55F8 /* Accalculator.app */,
				3CE7929D2B736006000C55F8 /* AccalculatorTests.xctest */,
				3CE792A72B736006000C55F8 /* AccalculatorUITests.xctest */,
			);
			name = Products;
			sourceTree = "<group>";
		};
		3CE7928D2B736004000C55F8 /* Accalculator */ = {
			isa = PBXGroup;
			children = (
				3CE792BC2B736048000C55F8 /* Helper */,
				3CE792BB2B73603E000C55F8 /* Models */,
				3CE792BA2B736034000C55F8 /* Views */,
				3CE7928E2B736004000C55F8 /* AccalculatorApp.swift */,
				3CE792942B736006000C55F8 /* Assets.xcassets */,
				3CE792962B736006000C55F8 /* Preview Content */,
			);
			path = Accalculator;
			sourceTree = "<group>";
		};
		3CE792962B736006000C55F8 /* Preview Content */ = {
			isa = PBXGroup;
			children = (
				3CE792972B736006000C55F8 /* Preview Assets.xcassets */,
			);
			path = "Preview Content";
			sourceTree = "<group>";
		};
		3CE792A02B736006000C55F8 /* AccalculatorTests */ = {
			isa = PBXGroup;
			children = (
				3CE792A12B736006000C55F8 /* AccalculatorTests.swift */,
			);
			path = AccalculatorTests;
			sourceTree = "<group>";
		};
		3CE792AA2B736006000C55F8 /* AccalculatorUITests */ = {
			isa = PBXGroup;
			children = (
				3CE792AB2B736006000C55F8 /* AccalculatorUITests.swift */,
				3CE792AD2B736006000C55F8 /* AccalculatorUITestsLaunchTests.swift */,
			);
			path = AccalculatorUITests;
			sourceTree = "<group>";
		};
		3CE792BA2B736034000C55F8 /* Views */ = {
			isa = PBXGroup;
			children = (
				3C8F76DA2B755E84000EE212 /* RegularCalculator */,
				3CE792902B736004000C55F8 /* ContentView.swift */,
				3CE792C32B7373D2000C55F8 /* TipsCalculator.swift */,
				3CE792C12B7373C3000C55F8 /* ConvertCalculator.swift */,
			);
			path = Views;
			sourceTree = "<group>";
		};
		3CE792BB2B73603E000C55F8 /* Models */ = {
			isa = PBXGroup;
			children = (
				3CE792BD2B737229000C55F8 /* CalculatorType.swift */,
				3CE792C52B737496000C55F8 /* ConversionType.swift */,
				3C6F5F1F2B742707009B2C45 /* ConversionRates.swift */,
			);
			path = Models;
			sourceTree = "<group>";
		};
		3CE792BC2B736048000C55F8 /* Helper */ = {
			isa = PBXGroup;
			children = (
			);
			path = Helper;
			sourceTree = "<group>";
		};
/* End PBXGroup section */

/* Begin PBXNativeTarget section */
		3CE7928A2B736004000C55F8 /* Accalculator */ = {
			isa = PBXNativeTarget;
			buildConfigurationList = 3CE792B12B736006000C55F8 /* Build configuration list for PBXNativeTarget "Accalculator" */;
			buildPhases = (
				3CE792872B736004000C55F8 /* Sources */,
				3CE792882B736004000C55F8 /* Frameworks */,
				3CE792892B736004000C55F8 /* Resources */,
			);
			buildRules = (
			);
			dependencies = (
			);
			name = Accalculator;
			productName = Accalculator;
			productReference = 3CE7928B2B736004000C55F8 /* Accalculator.app */;
			productType = "com.apple.product-type.application";
		};
		3CE7929C2B736006000C55F8 /* AccalculatorTests */ = {
			isa = PBXNativeTarget;
			buildConfigurationList = 3CE792B42B736006000C55F8 /* Build configuration list for PBXNativeTarget "AccalculatorTests" */;
			buildPhases = (
				3CE792992B736006000C55F8 /* Sources */,
				3CE7929A2B736006000C55F8 /* Frameworks */,
				3CE7929B2B736006000C55F8 /* Resources */,
			);
			buildRules = (
			);
			dependencies = (
				3CE7929F2B736006000C55F8 /* PBXTargetDependency */,
			);
			name = AccalculatorTests;
			productName = AccalculatorTests;
			productReference = 3CE7929D2B736006000C55F8 /* AccalculatorTests.xctest */;
			productType = "com.apple.product-type.bundle.unit-test";
		};
		3CE792A62B736006000C55F8 /* AccalculatorUITests */ = {
			isa = PBXNativeTarget;
			buildConfigurationList = 3CE792B72B736006000C55F8 /* Build configuration list for PBXNativeTarget "AccalculatorUITests" */;
			buildPhases = (
				3CE792A32B736006000C55F8 /* Sources */,
				3CE792A42B736006000C55F8 /* Frameworks */,
				3CE792A52B736006000C55F8 /* Resources */,
			);
			buildRules = (
			);
			dependencies = (
				3CE792A92B736006000C55F8 /* PBXTargetDependency */,
			);
			name = AccalculatorUITests;
			productName = AccalculatorUITests;
			productReference = 3CE792A72B736006000C55F8 /* AccalculatorUITests.xctest */;
			productType = "com.apple.product-type.bundle.ui-testing";
		};
/* End PBXNativeTarget section */

/* Begin PBXProject section */
		3CE792832B736004000C55F8 /* Project object */ = {
			isa = PBXProject;
			attributes = {
				BuildIndependentTargetsInParallel = 1;
				LastSwiftUpdateCheck = 1520;
				LastUpgradeCheck = 1520;
				TargetAttributes = {
					3CE7928A2B736004000C55F8 = {
						CreatedOnToolsVersion = 15.2;
					};
					3CE7929C2B736006000C55F8 = {
						CreatedOnToolsVersion = 15.2;
						TestTargetID = 3CE7928A2B736004000C55F8;
					};
					3CE792A62B736006000C55F8 = {
						CreatedOnToolsVersion = 15.2;
						TestTargetID = 3CE7928A2B736004000C55F8;
					};
				};
			};
			buildConfigurationList = 3CE792862B736004000C55F8 /* Build configuration list for PBXProject "Accalculator" */;
			compatibilityVersion = "Xcode 14.0";
			developmentRegion = en;
			hasScannedForEncodings = 0;
			knownRegions = (
				en,
				Base,
			);
			mainGroup = 3CE792822B736004000C55F8;
			productRefGroup = 3CE7928C2B736004000C55F8 /* Products */;
			projectDirPath = "";
			projectRoot = "";
			targets = (
				3CE7928A2B736004000C55F8 /* Accalculator */,
				3CE7929C2B736006000C55F8 /* AccalculatorTests */,
				3CE792A62B736006000C55F8 /* AccalculatorUITests */,
			);
		};
/* End PBXProject section */

/* Begin PBXResourcesBuildPhase section */
		3CE792892B736004000C55F8 /* Resources */ = {
			isa = PBXResourcesBuildPhase;
			buildActionMask = 2147483647;
			files = (
				3CE792982B736006000C55F8 /* Preview Assets.xcassets in Resources */,
				3CE792952B736006000C55F8 /* Assets.xcassets in Resources */,
			);
			runOnlyForDeploymentPostprocessing = 0;
		};
		3CE7929B2B736006000C55F8 /* Resources */ = {
			isa = PBXResourcesBuildPhase;
			buildActionMask = 2147483647;
			files = (
			);
			runOnlyForDeploymentPostprocessing = 0;
		};
		3CE792A52B736006000C55F8 /* Resources */ = {
			isa = PBXResourcesBuildPhase;
			buildActionMask = 2147483647;
			files = (
			);
			runOnlyForDeploymentPostprocessing = 0;
		};
/* End PBXResourcesBuildPhase section */

/* Begin PBXSourcesBuildPhase section */
		3CE792872B736004000C55F8 /* Sources */ = {
			isa = PBXSourcesBuildPhase;
			buildActionMask = 2147483647;
			files = (
				3CE792BE2B737229000C55F8 /* CalculatorType.swift in Sources */,
				3CE792912B736004000C55F8 /* ContentView.swift in Sources */,
				3CE792C02B737258000C55F8 /* RegularCalculator.swift in Sources */,
				3C8F76E32B75850C000EE212 /* LandscapeLayout.swift in Sources */,
				3CE792C22B7373C3000C55F8 /* ConvertCalculator.swift in Sources */,
				3CE792C62B737496000C55F8 /* ConversionType.swift in Sources */,
				3C8F76E12B755F3C000EE212 /* PadButton.swift in Sources */,
				3C6F5F202B742707009B2C45 /* ConversionRates.swift in Sources */,
				3C8F76DC2B755EA5000EE212 /* PortraitLayout.swift in Sources */,
				3C8F76E62B75857E000EE212 /* Layouts.swift in Sources */,
				3CE7928F2B736004000C55F8 /* AccalculatorApp.swift in Sources */,
				3CE792C42B7373D2000C55F8 /* TipsCalculator.swift in Sources */,
			);
			runOnlyForDeploymentPostprocessing = 0;
		};
		3CE792992B736006000C55F8 /* Sources */ = {
			isa = PBXSourcesBuildPhase;
			buildActionMask = 2147483647;
			files = (
				3CE792A22B736006000C55F8 /* AccalculatorTests.swift in Sources */,
			);
			runOnlyForDeploymentPostprocessing = 0;
		};
		3CE792A32B736006000C55F8 /* Sources */ = {
			isa = PBXSourcesBuildPhase;
			buildActionMask = 2147483647;
			files = (
				3CE792AE2B736006000C55F8 /* AccalculatorUITestsLaunchTests.swift in Sources */,
				3CE792AC2B736006000C55F8 /* AccalculatorUITests.swift in Sources */,
			);
			runOnlyForDeploymentPostprocessing = 0;
		};
/* End PBXSourcesBuildPhase section */

/* Begin PBXTargetDependency section */
		3CE7929F2B736006000C55F8 /* PBXTargetDependency */ = {
			isa = PBXTargetDependency;
			target = 3CE7928A2B736004000C55F8 /* Accalculator */;
			targetProxy = 3CE7929E2B736006000C55F8 /* PBXContainerItemProxy */;
		};
		3CE792A92B736006000C55F8 /* PBXTargetDependency */ = {
			isa = PBXTargetDependency;
			target = 3CE7928A2B736004000C55F8 /* Accalculator */;
			targetProxy = 3CE792A82B736006000C55F8 /* PBXContainerItemProxy */;
		};
/* End PBXTargetDependency section */

/* Begin XCBuildConfiguration section */
		3CE792AF2B736006000C55F8 /* Debug */ = {
			isa = XCBuildConfiguration;
			buildSettings = {
				ALWAYS_SEARCH_USER_PATHS = NO;
				ASSETCATALOG_COMPILER_GENERATE_SWIFT_ASSET_SYMBOL_EXTENSIONS = YES;
				CLANG_ANALYZER_NONNULL = YES;
				CLANG_ANALYZER_NUMBER_OBJECT_CONVERSION = YES_AGGRESSIVE;
				CLANG_CXX_LANGUAGE_STANDARD = "gnu++20";
				CLANG_ENABLE_MODULES = YES;
				CLANG_ENABLE_OBJC_ARC = YES;
				CLANG_ENABLE_OBJC_WEAK = YES;
				CLANG_WARN_BLOCK_CAPTURE_AUTORELEASING = YES;
				CLANG_WARN_BOOL_CONVERSION = YES;
				CLANG_WARN_COMMA = YES;
				CLANG_WARN_CONSTANT_CONVERSION = YES;
				CLANG_WARN_DEPRECATED_OBJC_IMPLEMENTATIONS = YES;
				CLANG_WARN_DIRECT_OBJC_ISA_USAGE = YES_ERROR;
				CLANG_WARN_DOCUMENTATION_COMMENTS = YES;
				CLANG_WARN_EMPTY_BODY = YES;
				CLANG_WARN_ENUM_CONVERSION = YES;
				CLANG_WARN_INFINITE_RECURSION = YES;
				CLANG_WARN_INT_CONVERSION = YES;
				CLANG_WARN_NON_LITERAL_NULL_CONVERSION = YES;
				CLANG_WARN_OBJC_IMPLICIT_RETAIN_SELF = YES;
				CLANG_WARN_OBJC_LITERAL_CONVERSION = YES;
				CLANG_WARN_OBJC_ROOT_CLASS = YES_ERROR;
				CLANG_WARN_QUOTED_INCLUDE_IN_FRAMEWORK_HEADER = YES;
				CLANG_WARN_RANGE_LOOP_ANALYSIS = YES;
				CLANG_WARN_STRICT_PROTOTYPES = YES;
				CLANG_WARN_SUSPICIOUS_MOVE = YES;
				CLANG_WARN_UNGUARDED_AVAILABILITY = YES_AGGRESSIVE;
				CLANG_WARN_UNREACHABLE_CODE = YES;
				CLANG_WARN__DUPLICATE_METHOD_MATCH = YES;
				COPY_PHASE_STRIP = NO;
				DEBUG_INFORMATION_FORMAT = dwarf;
				ENABLE_STRICT_OBJC_MSGSEND = YES;
				ENABLE_TESTABILITY = YES;
				ENABLE_USER_SCRIPT_SANDBOXING = YES;
				GCC_C_LANGUAGE_STANDARD = gnu17;
				GCC_DYNAMIC_NO_PIC = NO;
				GCC_NO_COMMON_BLOCKS = YES;
				GCC_OPTIMIZATION_LEVEL = 0;
				GCC_PREPROCESSOR_DEFINITIONS = (
					"DEBUG=1",
					"$(inherited)",
				);
				GCC_WARN_64_TO_32_BIT_CONVERSION = YES;
				GCC_WARN_ABOUT_RETURN_TYPE = YES_ERROR;
				GCC_WARN_UNDECLARED_SELECTOR = YES;
				GCC_WARN_UNINITIALIZED_AUTOS = YES_AGGRESSIVE;
				GCC_WARN_UNUSED_FUNCTION = YES;
				GCC_WARN_UNUSED_VARIABLE = YES;
				IPHONEOS_DEPLOYMENT_TARGET = 17.2;
				LOCALIZATION_PREFERS_STRING_CATALOGS = YES;
				MTL_ENABLE_DEBUG_INFO = INCLUDE_SOURCE;
				MTL_FAST_MATH = YES;
				ONLY_ACTIVE_ARCH = YES;
				SDKROOT = iphoneos;
				SWIFT_ACTIVE_COMPILATION_CONDITIONS = "DEBUG $(inherited)";
				SWIFT_OPTIMIZATION_LEVEL = "-Onone";
			};
			name = Debug;
		};
		3CE792B02B736006000C55F8 /* Release */ = {
			isa = XCBuildConfiguration;
			buildSettings = {
				ALWAYS_SEARCH_USER_PATHS = NO;
				ASSETCATALOG_COMPILER_GENERATE_SWIFT_ASSET_SYMBOL_EXTENSIONS = YES;
				CLANG_ANALYZER_NONNULL = YES;
				CLANG_ANALYZER_NUMBER_OBJECT_CONVERSION = YES_AGGRESSIVE;
				CLANG_CXX_LANGUAGE_STANDARD = "gnu++20";
				CLANG_ENABLE_MODULES = YES;
				CLANG_ENABLE_OBJC_ARC = YES;
				CLANG_ENABLE_OBJC_WEAK = YES;
				CLANG_WARN_BLOCK_CAPTURE_AUTORELEASING = YES;
				CLANG_WARN_BOOL_CONVERSION = YES;
				CLANG_WARN_COMMA = YES;
				CLANG_WARN_CONSTANT_CONVERSION = YES;
				CLANG_WARN_DEPRECATED_OBJC_IMPLEMENTATIONS = YES;
				CLANG_WARN_DIRECT_OBJC_ISA_USAGE = YES_ERROR;
				CLANG_WARN_DOCUMENTATION_COMMENTS = YES;
				CLANG_WARN_EMPTY_BODY = YES;
				CLANG_WARN_ENUM_CONVERSION = YES;
				CLANG_WARN_INFINITE_RECURSION = YES;
				CLANG_WARN_INT_CONVERSION = YES;
				CLANG_WARN_NON_LITERAL_NULL_CONVERSION = YES;
				CLANG_WARN_OBJC_IMPLICIT_RETAIN_SELF = YES;
				CLANG_WARN_OBJC_LITERAL_CONVERSION = YES;
				CLANG_WARN_OBJC_ROOT_CLASS = YES_ERROR;
				CLANG_WARN_QUOTED_INCLUDE_IN_FRAMEWORK_HEADER = YES;
				CLANG_WARN_RANGE_LOOP_ANALYSIS = YES;
				CLANG_WARN_STRICT_PROTOTYPES = YES;
				CLANG_WARN_SUSPICIOUS_MOVE = YES;
				CLANG_WARN_UNGUARDED_AVAILABILITY = YES_AGGRESSIVE;
				CLANG_WARN_UNREACHABLE_CODE = YES;
				CLANG_WARN__DUPLICATE_METHOD_MATCH = YES;
				COPY_PHASE_STRIP = NO;
				DEBUG_INFORMATION_FORMAT = "dwarf-with-dsym";
				ENABLE_NS_ASSERTIONS = NO;
				ENABLE_STRICT_OBJC_MSGSEND = YES;
				ENABLE_USER_SCRIPT_SANDBOXING = YES;
				GCC_C_LANGUAGE_STANDARD = gnu17;
				GCC_NO_COMMON_BLOCKS = YES;
				GCC_WARN_64_TO_32_BIT_CONVERSION = YES;
				GCC_WARN_ABOUT_RETURN_TYPE = YES_ERROR;
				GCC_WARN_UNDECLARED_SELECTOR = YES;
				GCC_WARN_UNINITIALIZED_AUTOS = YES_AGGRESSIVE;
				GCC_WARN_UNUSED_FUNCTION = YES;
				GCC_WARN_UNUSED_VARIABLE = YES;
				IPHONEOS_DEPLOYMENT_TARGET = 17.2;
				LOCALIZATION_PREFERS_STRING_CATALOGS = YES;
				MTL_ENABLE_DEBUG_INFO = NO;
				MTL_FAST_MATH = YES;
				SDKROOT = iphoneos;
				SWIFT_COMPILATION_MODE = wholemodule;
				VALIDATE_PRODUCT = YES;
			};
			name = Release;
		};
		3CE792B22B736006000C55F8 /* Debug */ = {
			isa = XCBuildConfiguration;
			buildSettings = {
				ASSETCATALOG_COMPILER_APPICON_NAME = AppIcon;
				ASSETCATALOG_COMPILER_GLOBAL_ACCENT_COLOR_NAME = AccentColor;
				CODE_SIGN_STYLE = Automatic;
				CURRENT_PROJECT_VERSION = 1;
				DEVELOPMENT_ASSET_PATHS = "\"Accalculator/Preview Content\"";
				ENABLE_PREVIEWS = YES;
				GENERATE_INFOPLIST_FILE = YES;
				INFOPLIST_KEY_UIApplicationSceneManifest_Generation = YES;
				INFOPLIST_KEY_UIApplicationSupportsIndirectInputEvents = YES;
				INFOPLIST_KEY_UILaunchScreen_Generation = YES;
				INFOPLIST_KEY_UISupportedInterfaceOrientations_iPad = "UIInterfaceOrientationPortrait UIInterfaceOrientationPortraitUpsideDown UIInterfaceOrientationLandscapeLeft UIInterfaceOrientationLandscapeRight";
				INFOPLIST_KEY_UISupportedInterfaceOrientations_iPhone = "UIInterfaceOrientationPortrait UIInterfaceOrientationLandscapeLeft UIInterfaceOrientationLandscapeRight";
				LD_RUNPATH_SEARCH_PATHS = (
					"$(inherited)",
					"@executable_path/Frameworks",
				);
				MARKETING_VERSION = 1.0;
				PRODUCT_BUNDLE_IDENTIFIER = dev.khainguyen.Accalculator;
				PRODUCT_NAME = "$(TARGET_NAME)";
				SWIFT_EMIT_LOC_STRINGS = YES;
				SWIFT_VERSION = 5.0;
				TARGETED_DEVICE_FAMILY = "1,2";
			};
			name = Debug;
		};
		3CE792B32B736006000C55F8 /* Release */ = {
			isa = XCBuildConfiguration;
			buildSettings = {
				ASSETCATALOG_COMPILER_APPICON_NAME = AppIcon;
				ASSETCATALOG_COMPILER_GLOBAL_ACCENT_COLOR_NAME = AccentColor;
				CODE_SIGN_STYLE = Automatic;
				CURRENT_PROJECT_VERSION = 1;
				DEVELOPMENT_ASSET_PATHS = "\"Accalculator/Preview Content\"";
				ENABLE_PREVIEWS = YES;
				GENERATE_INFOPLIST_FILE = YES;
				INFOPLIST_KEY_UIApplicationSceneManifest_Generation = YES;
				INFOPLIST_KEY_UIApplicationSupportsIndirectInputEvents = YES;
				INFOPLIST_KEY_UILaunchScreen_Generation = YES;
				INFOPLIST_KEY_UISupportedInterfaceOrientations_iPad = "UIInterfaceOrientationPortrait UIInterfaceOrientationPortraitUpsideDown UIInterfaceOrientationLandscapeLeft UIInterfaceOrientationLandscapeRight";
				INFOPLIST_KEY_UISupportedInterfaceOrientations_iPhone = "UIInterfaceOrientationPortrait UIInterfaceOrientationLandscapeLeft UIInterfaceOrientationLandscapeRight";
				LD_RUNPATH_SEARCH_PATHS = (
					"$(inherited)",
					"@executable_path/Frameworks",
				);
				MARKETING_VERSION = 1.0;
				PRODUCT_BUNDLE_IDENTIFIER = dev.khainguyen.Accalculator;
				PRODUCT_NAME = "$(TARGET_NAME)";
				SWIFT_EMIT_LOC_STRINGS = YES;
				SWIFT_VERSION = 5.0;
				TARGETED_DEVICE_FAMILY = "1,2";
			};
			name = Release;
		};
		3CE792B52B736006000C55F8 /* Debug */ = {
			isa = XCBuildConfiguration;
			buildSettings = {
				ALWAYS_EMBED_SWIFT_STANDARD_LIBRARIES = YES;
				BUNDLE_LOADER = "$(TEST_HOST)";
				CODE_SIGN_STYLE = Automatic;
				CURRENT_PROJECT_VERSION = 1;
				GENERATE_INFOPLIST_FILE = YES;
				IPHONEOS_DEPLOYMENT_TARGET = 17.2;
				MARKETING_VERSION = 1.0;
				PRODUCT_BUNDLE_IDENTIFIER = dev.khainguyen.AccalculatorTests;
				PRODUCT_NAME = "$(TARGET_NAME)";
				SWIFT_EMIT_LOC_STRINGS = NO;
				SWIFT_VERSION = 5.0;
				TARGETED_DEVICE_FAMILY = "1,2";
				TEST_HOST = "$(BUILT_PRODUCTS_DIR)/Accalculator.app/$(BUNDLE_EXECUTABLE_FOLDER_PATH)/Accalculator";
			};
			name = Debug;
		};
		3CE792B62B736006000C55F8 /* Release */ = {
			isa = XCBuildConfiguration;
			buildSettings = {
				ALWAYS_EMBED_SWIFT_STANDARD_LIBRARIES = YES;
				BUNDLE_LOADER = "$(TEST_HOST)";
				CODE_SIGN_STYLE = Automatic;
				CURRENT_PROJECT_VERSION = 1;
				GENERATE_INFOPLIST_FILE = YES;
				IPHONEOS_DEPLOYMENT_TARGET = 17.2;
				MARKETING_VERSION = 1.0;
				PRODUCT_BUNDLE_IDENTIFIER = dev.khainguyen.AccalculatorTests;
				PRODUCT_NAME = "$(TARGET_NAME)";
				SWIFT_EMIT_LOC_STRINGS = NO;
				SWIFT_VERSION = 5.0;
				TARGETED_DEVICE_FAMILY = "1,2";
				TEST_HOST = "$(BUILT_PRODUCTS_DIR)/Accalculator.app/$(BUNDLE_EXECUTABLE_FOLDER_PATH)/Accalculator";
			};
			name = Release;
		};
		3CE792B82B736006000C55F8 /* Debug */ = {
			isa = XCBuildConfiguration;
			buildSettings = {
				ALWAYS_EMBED_SWIFT_STANDARD_LIBRARIES = YES;
				CODE_SIGN_STYLE = Automatic;
				CURRENT_PROJECT_VERSION = 1;
				GENERATE_INFOPLIST_FILE = YES;
				MARKETING_VERSION = 1.0;
				PRODUCT_BUNDLE_IDENTIFIER = dev.khainguyen.AccalculatorUITests;
				PRODUCT_NAME = "$(TARGET_NAME)";
				SWIFT_EMIT_LOC_STRINGS = NO;
				SWIFT_VERSION = 5.0;
				TARGETED_DEVICE_FAMILY = "1,2";
				TEST_TARGET_NAME = Accalculator;
			};
			name = Debug;
		};
		3CE792B92B736006000C55F8 /* Release */ = {
			isa = XCBuildConfiguration;
			buildSettings = {
				ALWAYS_EMBED_SWIFT_STANDARD_LIBRARIES = YES;
				CODE_SIGN_STYLE = Automatic;
				CURRENT_PROJECT_VERSION = 1;
				GENERATE_INFOPLIST_FILE = YES;
				MARKETING_VERSION = 1.0;
				PRODUCT_BUNDLE_IDENTIFIER = dev.khainguyen.AccalculatorUITests;
				PRODUCT_NAME = "$(TARGET_NAME)";
				SWIFT_EMIT_LOC_STRINGS = NO;
				SWIFT_VERSION = 5.0;
				TARGETED_DEVICE_FAMILY = "1,2";
				TEST_TARGET_NAME = Accalculator;
			};
			name = Release;
		};
/* End XCBuildConfiguration section */

/* Begin XCConfigurationList section */
		3CE792862B736004000C55F8 /* Build configuration list for PBXProject "Accalculator" */ = {
			isa = XCConfigurationList;
			buildConfigurations = (
				3CE792AF2B736006000C55F8 /* Debug */,
				3CE792B02B736006000C55F8 /* Release */,
			);
			defaultConfigurationIsVisible = 0;
			defaultConfigurationName = Release;
		};
		3CE792B12B736006000C55F8 /* Build configuration list for PBXNativeTarget "Accalculator" */ = {
			isa = XCConfigurationList;
			buildConfigurations = (
				3CE792B22B736006000C55F8 /* Debug */,
				3CE792B32B736006000C55F8 /* Release */,
			);
			defaultConfigurationIsVisible = 0;
			defaultConfigurationName = Release;
		};
		3CE792B42B736006000C55F8 /* Build configuration list for PBXNativeTarget "AccalculatorTests" */ = {
			isa = XCConfigurationList;
			buildConfigurations = (
				3CE792B52B736006000C55F8 /* Debug */,
				3CE792B62B736006000C55F8 /* Release */,
			);
			defaultConfigurationIsVisible = 0;
			defaultConfigurationName = Release;
		};
		3CE792B72B736006000C55F8 /* Build configuration list for PBXNativeTarget "AccalculatorUITests" */ = {
			isa = XCConfigurationList;
			buildConfigurations = (
				3CE792B82B736006000C55F8 /* Debug */,
				3CE792B92B736006000C55F8 /* Release */,
			);
			defaultConfigurationIsVisible = 0;
			defaultConfigurationName = Release;
		};
/* End XCConfigurationList section */
	};
	rootObject = 3CE792832B736004000C55F8 /* Project object */;
}
